
Microsoft Visual Studio Solution File, Format Version 12.00
# Visual Studio Version 17
VisualStudioVersion = 17.11.35327.3
MinimumVisualStudioVersion = 10.0.40219.1
Project("{FAE04EC0-301F-11D3-BF4B-00C04F79EFBC}") = "çift yönlü bağlı liste uygulaması(Müzikçalar)", "çift yönlü bağlı liste uygulaması(Müzikçalar).csproj", "{EA56B734-D49D-46BD-BEB5-870303AD29DC}"
EndProject
Global
	GlobalSection(SolutionConfigurationPlatforms) = preSolution
		Debug|Any CPU = Debug|Any CPU
		Release|Any CPU = Release|Any CPU
	EndGlobalSection
	GlobalSection(ProjectConfigurationPlatforms) = postSolution
		{EA56B734-D49D-46BD-BEB5-870303AD29DC}.Debug|Any CPU.ActiveCfg = Debug|Any CPU
		{EA56B734-D49D-46BD-BEB5-870303AD29DC}.Debug|Any CPU.Build.0 = Debug|Any CPU
		{EA56B734-D49D-46BD-BEB5-870303AD29DC}.Release|Any CPU.ActiveCfg = Release|Any CPU
		{EA56B734-D49D-46BD-BEB5-870303AD29DC}.Release|Any CPU.Build.0 = Release|Any CPU
	EndGlobalSection
	GlobalSection(SolutionProperties) = preSolution
		HideSolutionNode = FALSE
	EndGlobalSection
	GlobalSection(ExtensibilityGlobals) = postSolution
		SolutionGuid = {E42D8A22-4C31-4566-97C8-F33FA874BA2A}
	EndGlobalSection
EndGlobal
